
Microsoft Visual Studio Solution File, Format Version 12.00
# Visual Studio Version 17
VisualStudioVersion = 17.3.32922.545
MinimumVisualStudioVersion = 10.0.40219.1
Project("{2150E333-8FDC-42A3-9474-1A3956D46DE8}") = "src", "src", "{49FB636E-0F68-4D15-B452-EFCC36C49A63}"
EndProject
Project("{2150E333-8FDC-42A3-9474-1A3956D46DE8}") = "01 - Web", "01 - Web", "{CD341123-1141-4A14-8252-0F6EE33D70C3}"
EndProject
Project("{2150E333-8FDC-42A3-9474-1A3956D46DE8}") = "02 - Application", "02 - Application", "{5CE2A5D0-A4F7-4346-9869-C63C61669D7C}"
EndProject
Project("{2150E333-8FDC-42A3-9474-1A3956D46DE8}") = "03 - Domain", "03 - Domain", "{16D1E666-8D61-4752-8527-C6045E782DE9}"
EndProject
Project("{2150E333-8FDC-42A3-9474-1A3956D46DE8}") = "04 - Infrastructure", "04 - Infrastructure", "{F5CA0872-CAF3-4192-91B1-00958FC5E31D}"
EndProject
Project("{9A19103F-16F7-4668-BE54-9A1E7A4F7556}") = "Opea.Domain", "src\Opea.Domain\Opea.Domain.csproj", "{80ED5A32-E84D-4BA9-BEB3-13AE41437153}"
EndProject
Project("{9A19103F-16F7-4668-BE54-9A1E7A4F7556}") = "Opea.Application", "src\Opea.Application\Opea.Application.csproj", "{7FCD4D91-348F-4BE8-8307-3C3DA8101076}"
EndProject
Project("{9A19103F-16F7-4668-BE54-9A1E7A4F7556}") = "Opea.Infrastructure.Data", "src\Opea.Infrastructure.Data\Opea.Infrastructure.Data.csproj", "{A69186C4-16E1-4324-8F9C-944FE364EAFD}"
EndProject
Project("{9A19103F-16F7-4668-BE54-9A1E7A4F7556}") = "Opea.Infrastructure.IoC", "src\Opea.Infrastructure.IoC\Opea.Infrastructure.IoC.csproj", "{1705CE86-0E21-41AC-9AA7-24EF89B8DBCF}"
EndProject
Global
	GlobalSection(SolutionConfigurationPlatforms) = preSolution
		Debug|Any CPU = Debug|Any CPU
		Release|Any CPU = Release|Any CPU
	EndGlobalSection
	GlobalSection(ProjectConfigurationPlatforms) = postSolution
		{80ED5A32-E84D-4BA9-BEB3-13AE41437153}.Debug|Any CPU.ActiveCfg = Debug|Any CPU
		{80ED5A32-E84D-4BA9-BEB3-13AE41437153}.Debug|Any CPU.Build.0 = Debug|Any CPU
		{80ED5A32-E84D-4BA9-BEB3-13AE41437153}.Release|Any CPU.ActiveCfg = Release|Any CPU
		{80ED5A32-E84D-4BA9-BEB3-13AE41437153}.Release|Any CPU.Build.0 = Release|Any CPU
		{7FCD4D91-348F-4BE8-8307-3C3DA8101076}.Debug|Any CPU.ActiveCfg = Debug|Any CPU
		{7FCD4D91-348F-4BE8-8307-3C3DA8101076}.Debug|Any CPU.Build.0 = Debug|Any CPU
		{7FCD4D91-348F-4BE8-8307-3C3DA8101076}.Release|Any CPU.ActiveCfg = Release|Any CPU
		{7FCD4D91-348F-4BE8-8307-3C3DA8101076}.Release|Any CPU.Build.0 = Release|Any CPU
		{A69186C4-16E1-4324-8F9C-944FE364EAFD}.Debug|Any CPU.ActiveCfg = Debug|Any CPU
		{A69186C4-16E1-4324-8F9C-944FE364EAFD}.Debug|Any CPU.Build.0 = Debug|Any CPU
		{A69186C4-16E1-4324-8F9C-944FE364EAFD}.Release|Any CPU.ActiveCfg = Release|Any CPU
		{A69186C4-16E1-4324-8F9C-944FE364EAFD}.Release|Any CPU.Build.0 = Release|Any CPU
		{1705CE86-0E21-41AC-9AA7-24EF89B8DBCF}.Debug|Any CPU.ActiveCfg = Debug|Any CPU
		{1705CE86-0E21-41AC-9AA7-24EF89B8DBCF}.Debug|Any CPU.Build.0 = Debug|Any CPU
		{1705CE86-0E21-41AC-9AA7-24EF89B8DBCF}.Release|Any CPU.ActiveCfg = Release|Any CPU
		{1705CE86-0E21-41AC-9AA7-24EF89B8DBCF}.Release|Any CPU.Build.0 = Release|Any CPU
	EndGlobalSection
	GlobalSection(SolutionProperties) = preSolution
		HideSolutionNode = FALSE
	EndGlobalSection
	GlobalSection(NestedProjects) = preSolution
		{CD341123-1141-4A14-8252-0F6EE33D70C3} = {49FB636E-0F68-4D15-B452-EFCC36C49A63}
		{5CE2A5D0-A4F7-4346-9869-C63C61669D7C} = {49FB636E-0F68-4D15-B452-EFCC36C49A63}
		{16D1E666-8D61-4752-8527-C6045E782DE9} = {49FB636E-0F68-4D15-B452-EFCC36C49A63}
		{F5CA0872-CAF3-4192-91B1-00958FC5E31D} = {49FB636E-0F68-4D15-B452-EFCC36C49A63}
		{80ED5A32-E84D-4BA9-BEB3-13AE41437153} = {16D1E666-8D61-4752-8527-C6045E782DE9}
		{7FCD4D91-348F-4BE8-8307-3C3DA8101076} = {5CE2A5D0-A4F7-4346-9869-C63C61669D7C}
		{A69186C4-16E1-4324-8F9C-944FE364EAFD} = {F5CA0872-CAF3-4192-91B1-00958FC5E31D}
		{1705CE86-0E21-41AC-9AA7-24EF89B8DBCF} = {F5CA0872-CAF3-4192-91B1-00958FC5E31D}
	EndGlobalSection
	GlobalSection(ExtensibilityGlobals) = postSolution
		SolutionGuid = {3C43E53A-C03E-49D5-AAA7-A82A23F552AC}
	EndGlobalSection
EndGlobal
